// !$*UTF8*$!
{
	archiveVersion = 1;
	classes = {
	};
	objectVersion = 46;
	objects = {

/* Begin PBXBuildFile section */
		079B18151B57F9E70074FD1B /* buttonBar.swift in Sources */ = {isa = PBXBuildFile; fileRef = 079B18141B57F9E70074FD1B /* buttonBar.swift */; };
		07E704BA1B53DDFB00CF3FC0 /* LoadCell.swift in Sources */ = {isa = PBXBuildFile; fileRef = 07E704B81B53DDFB00CF3FC0 /* LoadCell.swift */; };
		07E704BB1B53DDFB00CF3FC0 /* LoadViewController.swift in Sources */ = {isa = PBXBuildFile; fileRef = 07E704B91B53DDFB00CF3FC0 /* LoadViewController.swift */; };
		0A3B37D31B4C085E00EE9333 /* AppDelegate.swift in Sources */ = {isa = PBXBuildFile; fileRef = 0A3B37D21B4C085E00EE9333 /* AppDelegate.swift */; };
		0A3B37D61B4C085E00EE9333 /* C_.xcdatamodeld in Sources */ = {isa = PBXBuildFile; fileRef = 0A3B37D41B4C085E00EE9333 /* C_.xcdatamodeld */; };
		0A3B37D81B4C085E00EE9333 /* ViewController.swift in Sources */ = {isa = PBXBuildFile; fileRef = 0A3B37D71B4C085E00EE9333 /* ViewController.swift */; };
		0A3B37DB1B4C085E00EE9333 /* Main.storyboard in Resources */ = {isa = PBXBuildFile; fileRef = 0A3B37D91B4C085E00EE9333 /* Main.storyboard */; };
		0A3B37DD1B4C085E00EE9333 /* Images.xcassets in Resources */ = {isa = PBXBuildFile; fileRef = 0A3B37DC1B4C085E00EE9333 /* Images.xcassets */; };
		0A3B37E01B4C085E00EE9333 /* LaunchScreen.xib in Resources */ = {isa = PBXBuildFile; fileRef = 0A3B37DE1B4C085E00EE9333 /* LaunchScreen.xib */; };
		0A3B37EC1B4C085E00EE9333 /* C_Tests.swift in Sources */ = {isa = PBXBuildFile; fileRef = 0A3B37EB1B4C085E00EE9333 /* C_Tests.swift */; };
		6F15657D1B56ABDF001EE563 /* NewMainController.swift in Sources */ = {isa = PBXBuildFile; fileRef = 6F15657C1B56ABDF001EE563 /* NewMainController.swift */; };
		6FA7139D1B4D612500B86F71 /* PartituraDAO.swift in Sources */ = {isa = PBXBuildFile; fileRef = 6FA7139C1B4D612500B86F71 /* PartituraDAO.swift */; };
		6FA7139F1B4D652800B86F71 /* NotaDAO.swift in Sources */ = {isa = PBXBuildFile; fileRef = 6FA7139E1B4D652800B86F71 /* NotaDAO.swift */; };
		6FA713A11B4D65A000B86F71 /* NotaServices.swift in Sources */ = {isa = PBXBuildFile; fileRef = 6FA713A01B4D65A000B86F71 /* NotaServices.swift */; };
		6FA713A51B4D698000B86F71 /* DatabaseManager.swift in Sources */ = {isa = PBXBuildFile; fileRef = 6FA713A41B4D698000B86F71 /* DatabaseManager.swift */; };
		6FA713AB1B4D69C800B86F71 /* Nota.swift in Sources */ = {isa = PBXBuildFile; fileRef = 6FA713AA1B4D69C800B86F71 /* Nota.swift */; };
		6FA713AD1B4D69C900B86F71 /* Partitura.swift in Sources */ = {isa = PBXBuildFile; fileRef = 6FA713AC1B4D69C900B86F71 /* Partitura.swift */; };
		6FA713AF1B4D6DCA00B86F71 /* PartituraServices.swift in Sources */ = {isa = PBXBuildFile; fileRef = 6FA713AE1B4D6DCA00B86F71 /* PartituraServices.swift */; };
		E1B07C570580CD1BB57B99B8 /* libPods-C#.a in Frameworks */ = {isa = PBXBuildFile; fileRef = FF30CA062CEDCD58A7FBC78A /* libPods-C#.a */; };
/* End PBXBuildFile section */

/* Begin PBXContainerItemProxy section */
		0A3B37E61B4C085E00EE9333 /* PBXContainerItemProxy */ = {
			isa = PBXContainerItemProxy;
			containerPortal = 0A3B37C51B4C085E00EE9333 /* Project object */;
			proxyType = 1;
			remoteGlobalIDString = 0A3B37CC1B4C085E00EE9333;
			remoteInfo = "C#";
		};
/* End PBXContainerItemProxy section */

/* Begin PBXFileReference section */
		079B18141B57F9E70074FD1B /* buttonBar.swift */ = {isa = PBXFileReference; fileEncoding = 4; lastKnownFileType = sourcecode.swift; name = buttonBar.swift; path = "C#/buttonBar.swift"; sourceTree = "<group>"; };
		07E704B81B53DDFB00CF3FC0 /* LoadCell.swift */ = {isa = PBXFileReference; fileEncoding = 4; lastKnownFileType = sourcecode.swift; path = LoadCell.swift; sourceTree = "<group>"; };
		07E704B91B53DDFB00CF3FC0 /* LoadViewController.swift */ = {isa = PBXFileReference; fileEncoding = 4; lastKnownFileType = sourcecode.swift; path = LoadViewController.swift; sourceTree = "<group>"; };
		0A3B37CD1B4C085E00EE9333 /* C#.app */ = {isa = PBXFileReference; explicitFileType = wrapper.application; includeInIndex = 0; path = "C#.app"; sourceTree = BUILT_PRODUCTS_DIR; };
		0A3B37D11B4C085E00EE9333 /* Info.plist */ = {isa = PBXFileReference; lastKnownFileType = text.plist.xml; path = Info.plist; sourceTree = "<group>"; };
		0A3B37D21B4C085E00EE9333 /* AppDelegate.swift */ = {isa = PBXFileReference; lastKnownFileType = sourcecode.swift; path = AppDelegate.swift; sourceTree = "<group>"; };
		0A3B37D51B4C085E00EE9333 /* C_.xcdatamodel */ = {isa = PBXFileReference; lastKnownFileType = wrapper.xcdatamodel; path = C_.xcdatamodel; sourceTree = "<group>"; };
		0A3B37D71B4C085E00EE9333 /* ViewController.swift */ = {isa = PBXFileReference; lastKnownFileType = sourcecode.swift; path = ViewController.swift; sourceTree = "<group>"; };
		0A3B37DA1B4C085E00EE9333 /* Base */ = {isa = PBXFileReference; lastKnownFileType = file.storyboard; name = Base; path = Base.lproj/Main.storyboard; sourceTree = "<group>"; };
		0A3B37DC1B4C085E00EE9333 /* Images.xcassets */ = {isa = PBXFileReference; lastKnownFileType = folder.assetcatalog; path = Images.xcassets; sourceTree = "<group>"; };
		0A3B37DF1B4C085E00EE9333 /* Base */ = {isa = PBXFileReference; lastKnownFileType = file.xib; name = Base; path = Base.lproj/LaunchScreen.xib; sourceTree = "<group>"; };
		0A3B37E51B4C085E00EE9333 /* C#Tests.xctest */ = {isa = PBXFileReference; explicitFileType = wrapper.cfbundle; includeInIndex = 0; path = "C#Tests.xctest"; sourceTree = BUILT_PRODUCTS_DIR; };
		0A3B37EA1B4C085E00EE9333 /* Info.plist */ = {isa = PBXFileReference; lastKnownFileType = text.plist.xml; path = Info.plist; sourceTree = "<group>"; };
		0A3B37EB1B4C085E00EE9333 /* C_Tests.swift */ = {isa = PBXFileReference; lastKnownFileType = sourcecode.swift; path = C_Tests.swift; sourceTree = "<group>"; };
		6F15657C1B56ABDF001EE563 /* NewMainController.swift */ = {isa = PBXFileReference; fileEncoding = 4; lastKnownFileType = sourcecode.swift; path = NewMainController.swift; sourceTree = "<group>"; };
		6FA7139C1B4D612500B86F71 /* PartituraDAO.swift */ = {isa = PBXFileReference; fileEncoding = 4; lastKnownFileType = sourcecode.swift; name = PartituraDAO.swift; path = "C#/PartituraDAO.swift"; sourceTree = "<group>"; };
		6FA7139E1B4D652800B86F71 /* NotaDAO.swift */ = {isa = PBXFileReference; fileEncoding = 4; lastKnownFileType = sourcecode.swift; name = NotaDAO.swift; path = "C#/NotaDAO.swift"; sourceTree = "<group>"; };
		6FA713A01B4D65A000B86F71 /* NotaServices.swift */ = {isa = PBXFileReference; fileEncoding = 4; lastKnownFileType = sourcecode.swift; path = NotaServices.swift; sourceTree = "<group>"; };
		6FA713A41B4D698000B86F71 /* DatabaseManager.swift */ = {isa = PBXFileReference; fileEncoding = 4; lastKnownFileType = sourcecode.swift; name = DatabaseManager.swift; path = "C#/DatabaseManager.swift"; sourceTree = "<group>"; };
		6FA713AA1B4D69C800B86F71 /* Nota.swift */ = {isa = PBXFileReference; fileEncoding = 4; lastKnownFileType = sourcecode.swift; name = Nota.swift; path = "C#/Nota.swift"; sourceTree = "<group>"; };
		6FA713AC1B4D69C900B86F71 /* Partitura.swift */ = {isa = PBXFileReference; fileEncoding = 4; lastKnownFileType = sourcecode.swift; name = Partitura.swift; path = "C#/Partitura.swift"; sourceTree = "<group>"; };
		6FA713AE1B4D6DCA00B86F71 /* PartituraServices.swift */ = {isa = PBXFileReference; fileEncoding = 4; lastKnownFileType = sourcecode.swift; path = PartituraServices.swift; sourceTree = "<group>"; };
		8150DE7ED7306C606D9F0ACC /* Pods-C#.release.xcconfig */ = {isa = PBXFileReference; includeInIndex = 1; lastKnownFileType = text.xcconfig; name = "Pods-C#.release.xcconfig"; path = "Pods/Target Support Files/Pods-C#/Pods-C#.release.xcconfig"; sourceTree = "<group>"; };
		CB2EC4A71E954F216711966F /* Pods-C#.debug.xcconfig */ = {isa = PBXFileReference; includeInIndex = 1; lastKnownFileType = text.xcconfig; name = "Pods-C#.debug.xcconfig"; path = "Pods/Target Support Files/Pods-C#/Pods-C#.debug.xcconfig"; sourceTree = "<group>"; };
		FF30CA062CEDCD58A7FBC78A /* libPods-C#.a */ = {isa = PBXFileReference; explicitFileType = archive.ar; includeInIndex = 0; path = "libPods-C#.a"; sourceTree = BUILT_PRODUCTS_DIR; };
/* End PBXFileReference section */

/* Begin PBXFrameworksBuildPhase section */
		0A3B37CA1B4C085E00EE9333 /* Frameworks */ = {
			isa = PBXFrameworksBuildPhase;
			buildActionMask = 2147483647;
			files = (
				E1B07C570580CD1BB57B99B8 /* libPods-C#.a in Frameworks */,
			);
			runOnlyForDeploymentPostprocessing = 0;
		};
		0A3B37E21B4C085E00EE9333 /* Frameworks */ = {
			isa = PBXFrameworksBuildPhase;
			buildActionMask = 2147483647;
			files = (
			);
			runOnlyForDeploymentPostprocessing = 0;
		};
/* End PBXFrameworksBuildPhase section */

/* Begin PBXGroup section */
		0728385A1B4D62380012DFD3 /* LoadScreen */ = {
			isa = PBXGroup;
			children = (
				07E704B81B53DDFB00CF3FC0 /* LoadCell.swift */,
				07E704B91B53DDFB00CF3FC0 /* LoadViewController.swift */,
			);
			name = LoadScreen;
			sourceTree = "<group>";
		};
		0732316A1B4C1CF700790459 /* Services */ = {
			isa = PBXGroup;
			children = (
				6FA713A01B4D65A000B86F71 /* NotaServices.swift */,
				6FA713AE1B4D6DCA00B86F71 /* PartituraServices.swift */,
			);
			name = Services;
			sourceTree = "<group>";
		};
		0732316B1B4C1D0600790459 /* DAO */ = {
			isa = PBXGroup;
			children = (
				6FA7139C1B4D612500B86F71 /* PartituraDAO.swift */,
				6FA7139E1B4D652800B86F71 /* NotaDAO.swift */,
			);
			name = DAO;
			sourceTree = "<group>";
		};
		0732316C1B4C1D0B00790459 /* VO */ = {
			isa = PBXGroup;
			children = (
				6FA713AC1B4D69C900B86F71 /* Partitura.swift */,
				6FA713AA1B4D69C800B86F71 /* Nota.swift */,
			);
			name = VO;
			sourceTree = "<group>";
		};
		079B18131B57F9AA0074FD1B /* UI */ = {
			isa = PBXGroup;
			children = (
				079B18141B57F9E70074FD1B /* buttonBar.swift */,
			);
			name = UI;
			path = ..;
			sourceTree = "<group>";
		};
		0A3B37C41B4C085E00EE9333 = {
			isa = PBXGroup;
			children = (
				0A3B37CF1B4C085E00EE9333 /* C# */,
				0A3B37E81B4C085E00EE9333 /* C#Tests */,
				0A3B37CE1B4C085E00EE9333 /* Products */,
				DF1C502E511DDB6339B76CDD /* Pods */,
				872AAFC623BE64544D096C8A /* Frameworks */,
			);
			sourceTree = "<group>";
		};
		0A3B37CE1B4C085E00EE9333 /* Products */ = {
			isa = PBXGroup;
			children = (
				0A3B37CD1B4C085E00EE9333 /* C#.app */,
				0A3B37E51B4C085E00EE9333 /* C#Tests.xctest */,
			);
			name = Products;
			sourceTree = "<group>";
		};
		0A3B37CF1B4C085E00EE9333 /* C# */ = {
			isa = PBXGroup;
			children = (
				0732316A1B4C1CF700790459 /* Services */,
				0A3B37F51B4C089000EE9333 /* Persistence */,
				0728385A1B4D62380012DFD3 /* LoadScreen */,
				079B18131B57F9AA0074FD1B /* UI */,
				0A3B37D21B4C085E00EE9333 /* AppDelegate.swift */,
				0A3B37D71B4C085E00EE9333 /* ViewController.swift */,
				0A3B37D91B4C085E00EE9333 /* Main.storyboard */,
				6F15657C1B56ABDF001EE563 /* NewMainController.swift */,
				0A3B37DC1B4C085E00EE9333 /* Images.xcassets */,
				0A3B37DE1B4C085E00EE9333 /* LaunchScreen.xib */,
				0A3B37D41B4C085E00EE9333 /* C_.xcdatamodeld */,
				0A3B37D01B4C085E00EE9333 /* Supporting Files */,
			);
			path = "C#";
			sourceTree = "<group>";
		};
		0A3B37D01B4C085E00EE9333 /* Supporting Files */ = {
			isa = PBXGroup;
			children = (
				0A3B37D11B4C085E00EE9333 /* Info.plist */,
			);
			name = "Supporting Files";
			sourceTree = "<group>";
		};
		0A3B37E81B4C085E00EE9333 /* C#Tests */ = {
			isa = PBXGroup;
			children = (
				0A3B37EB1B4C085E00EE9333 /* C_Tests.swift */,
				0A3B37E91B4C085E00EE9333 /* Supporting Files */,
			);
			path = "C#Tests";
			sourceTree = "<group>";
		};
		0A3B37E91B4C085E00EE9333 /* Supporting Files */ = {
			isa = PBXGroup;
			children = (
				0A3B37EA1B4C085E00EE9333 /* Info.plist */,
			);
			name = "Supporting Files";
			sourceTree = "<group>";
		};
		0A3B37F51B4C089000EE9333 /* Persistence */ = {
			isa = PBXGroup;
			children = (
				0732316C1B4C1D0B00790459 /* VO */,
				0732316B1B4C1D0600790459 /* DAO */,
				6FA713A41B4D698000B86F71 /* DatabaseManager.swift */,
			);
			name = Persistence;
			path = ..;
			sourceTree = "<group>";
		};
		872AAFC623BE64544D096C8A /* Frameworks */ = {
			isa = PBXGroup;
			children = (
				FF30CA062CEDCD58A7FBC78A /* libPods-C#.a */,
			);
			name = Frameworks;
			sourceTree = "<group>";
		};
		DF1C502E511DDB6339B76CDD /* Pods */ = {
			isa = PBXGroup;
			children = (
				CB2EC4A71E954F216711966F /* Pods-C#.debug.xcconfig */,
				8150DE7ED7306C606D9F0ACC /* Pods-C#.release.xcconfig */,
			);
			name = Pods;
			sourceTree = "<group>";
		};
/* End PBXGroup section */

/* Begin PBXNativeTarget section */
		0A3B37CC1B4C085E00EE9333 /* C# */ = {
			isa = PBXNativeTarget;
			buildConfigurationList = 0A3B37EF1B4C085E00EE9333 /* Build configuration list for PBXNativeTarget "C#" */;
			buildPhases = (
				D0F66C2F9DACF9A1F00947D6 /* Check Pods Manifest.lock */,
				0A3B37C91B4C085E00EE9333 /* Sources */,
				0A3B37CA1B4C085E00EE9333 /* Frameworks */,
				0A3B37CB1B4C085E00EE9333 /* Resources */,
				78CF2D77C8C9968CB4225591 /* Copy Pods Resources */,
			);
			buildRules = (
			);
			dependencies = (
			);
			name = "C#";
			productName = "C#";
			productReference = 0A3B37CD1B4C085E00EE9333 /* C#.app */;
			productType = "com.apple.product-type.application";
		};
		0A3B37E41B4C085E00EE9333 /* C#Tests */ = {
			isa = PBXNativeTarget;
			buildConfigurationList = 0A3B37F21B4C085E00EE9333 /* Build configuration list for PBXNativeTarget "C#Tests" */;
			buildPhases = (
				0A3B37E11B4C085E00EE9333 /* Sources */,
				0A3B37E21B4C085E00EE9333 /* Frameworks */,
				0A3B37E31B4C085E00EE9333 /* Resources */,
			);
			buildRules = (
			);
			dependencies = (
				0A3B37E71B4C085E00EE9333 /* PBXTargetDependency */,
			);
			name = "C#Tests";
			productName = "C#Tests";
			productReference = 0A3B37E51B4C085E00EE9333 /* C#Tests.xctest */;
			productType = "com.apple.product-type.bundle.unit-test";
		};
/* End PBXNativeTarget section */

/* Begin PBXProject section */
		0A3B37C51B4C085E00EE9333 /* Project object */ = {
			isa = PBXProject;
			attributes = {
				LastUpgradeCheck = 0640;
				ORGANIZATIONNAME = "Kevin Ferreira Silva";
				TargetAttributes = {
					0A3B37CC1B4C085E00EE9333 = {
						CreatedOnToolsVersion = 6.4;
					};
					0A3B37E41B4C085E00EE9333 = {
						CreatedOnToolsVersion = 6.4;
						TestTargetID = 0A3B37CC1B4C085E00EE9333;
					};
				};
			};
			buildConfigurationList = 0A3B37C81B4C085E00EE9333 /* Build configuration list for PBXProject "C#" */;
			compatibilityVersion = "Xcode 3.2";
			developmentRegion = English;
			hasScannedForEncodings = 0;
			knownRegions = (
				en,
				Base,
			);
			mainGroup = 0A3B37C41B4C085E00EE9333;
			productRefGroup = 0A3B37CE1B4C085E00EE9333 /* Products */;
			projectDirPath = "";
			projectRoot = "";
			targets = (
				0A3B37CC1B4C085E00EE9333 /* C# */,
				0A3B37E41B4C085E00EE9333 /* C#Tests */,
			);
		};
/* End PBXProject section */

/* Begin PBXResourcesBuildPhase section */
		0A3B37CB1B4C085E00EE9333 /* Resources */ = {
			isa = PBXResourcesBuildPhase;
			buildActionMask = 2147483647;
			files = (
				0A3B37DB1B4C085E00EE9333 /* Main.storyboard in Resources */,
				0A3B37E01B4C085E00EE9333 /* LaunchScreen.xib in Resources */,
				0A3B37DD1B4C085E00EE9333 /* Images.xcassets in Resources */,
			);
			runOnlyForDeploymentPostprocessing = 0;
		};
		0A3B37E31B4C085E00EE9333 /* Resources */ = {
			isa = PBXResourcesBuildPhase;
			buildActionMask = 2147483647;
			files = (
			);
			runOnlyForDeploymentPostprocessing = 0;
		};
/* End PBXResourcesBuildPhase section */

/* Begin PBXShellScriptBuildPhase section */
		78CF2D77C8C9968CB4225591 /* Copy Pods Resources */ = {
			isa = PBXShellScriptBuildPhase;
			buildActionMask = 2147483647;
			files = (
			);
			inputPaths = (
			);
			name = "Copy Pods Resources";
			outputPaths = (
			);
			runOnlyForDeploymentPostprocessing = 0;
			shellPath = /bin/sh;
			shellScript = "\"${SRCROOT}/Pods/Target Support Files/Pods-C#/Pods-C#-resources.sh\"\n";
			showEnvVarsInLog = 0;
		};
		D0F66C2F9DACF9A1F00947D6 /* Check Pods Manifest.lock */ = {
			isa = PBXShellScriptBuildPhase;
			buildActionMask = 2147483647;
			files = (
			);
			inputPaths = (
			);
			name = "Check Pods Manifest.lock";
			outputPaths = (
			);
			runOnlyForDeploymentPostprocessing = 0;
			shellPath = /bin/sh;
			shellScript = "diff \"${PODS_ROOT}/../Podfile.lock\" \"${PODS_ROOT}/Manifest.lock\" > /dev/null\nif [[ $? != 0 ]] ; then\n    cat << EOM\nerror: The sandbox is not in sync with the Podfile.lock. Run 'pod install' or update your CocoaPods installation.\nEOM\n    exit 1\nfi\n";
			showEnvVarsInLog = 0;
		};
/* End PBXShellScriptBuildPhase section */

/* Begin PBXSourcesBuildPhase section */
		0A3B37C91B4C085E00EE9333 /* Sources */ = {
			isa = PBXSourcesBuildPhase;
			buildActionMask = 2147483647;
			files = (
				6FA713A11B4D65A000B86F71 /* NotaServices.swift in Sources */,
				0A3B37D81B4C085E00EE9333 /* ViewController.swift in Sources */,
				6FA713AF1B4D6DCA00B86F71 /* PartituraServices.swift in Sources */,
				6F15657D1B56ABDF001EE563 /* NewMainController.swift in Sources */,
				6FA713AD1B4D69C900B86F71 /* Partitura.swift in Sources */,
				0A3B37D31B4C085E00EE9333 /* AppDelegate.swift in Sources */,
				0A3B37D61B4C085E00EE9333 /* C_.xcdatamodeld in Sources */,
				07E704BB1B53DDFB00CF3FC0 /* LoadViewController.swift in Sources */,
				6FA7139D1B4D612500B86F71 /* PartituraDAO.swift in Sources */,
				6FA7139F1B4D652800B86F71 /* NotaDAO.swift in Sources */,
				6FA713A51B4D698000B86F71 /* DatabaseManager.swift in Sources */,
				079B18151B57F9E70074FD1B /* buttonBar.swift in Sources */,
				6FA713AB1B4D69C800B86F71 /* Nota.swift in Sources */,
				07E704BA1B53DDFB00CF3FC0 /* LoadCell.swift in Sources */,
			);
			runOnlyForDeploymentPostprocessing = 0;
		};
		0A3B37E11B4C085E00EE9333 /* Sources */ = {
			isa = PBXSourcesBuildPhase;
			buildActionMask = 2147483647;
			files = (
				0A3B37EC1B4C085E00EE9333 /* C_Tests.swift in Sources */,
			);
			runOnlyForDeploymentPostprocessing = 0;
		};
/* End PBXSourcesBuildPhase section */

/* Begin PBXTargetDependency section */
		0A3B37E71B4C085E00EE9333 /* PBXTargetDependency */ = {
			isa = PBXTargetDependency;
			target = 0A3B37CC1B4C085E00EE9333 /* C# */;
			targetProxy = 0A3B37E61B4C085E00EE9333 /* PBXContainerItemProxy */;
		};
/* End PBXTargetDependency section */

/* Begin PBXVariantGroup section */
		0A3B37D91B4C085E00EE9333 /* Main.storyboard */ = {
			isa = PBXVariantGroup;
			children = (
				0A3B37DA1B4C085E00EE9333 /* Base */,
			);
			name = Main.storyboard;
			sourceTree = "<group>";
		};
		0A3B37DE1B4C085E00EE9333 /* LaunchScreen.xib */ = {
			isa = PBXVariantGroup;
			children = (
				0A3B37DF1B4C085E00EE9333 /* Base */,
			);
			name = LaunchScreen.xib;
			sourceTree = "<group>";
		};
/* End PBXVariantGroup section */

/* Begin XCBuildConfiguration section */
		0A3B37ED1B4C085E00EE9333 /* Debug */ = {
			isa = XCBuildConfiguration;
			buildSettings = {
				ALWAYS_SEARCH_USER_PATHS = NO;
				CLANG_CXX_LANGUAGE_STANDARD = "gnu++0x";
				CLANG_CXX_LIBRARY = "libc++";
				CLANG_ENABLE_MODULES = YES;
				CLANG_ENABLE_OBJC_ARC = YES;
				CLANG_WARN_BOOL_CONVERSION = YES;
				CLANG_WARN_CONSTANT_CONVERSION = YES;
				CLANG_WARN_DIRECT_OBJC_ISA_USAGE = YES_ERROR;
				CLANG_WARN_EMPTY_BODY = YES;
				CLANG_WARN_ENUM_CONVERSION = YES;
				CLANG_WARN_INT_CONVERSION = YES;
				CLANG_WARN_OBJC_ROOT_CLASS = YES_ERROR;
				CLANG_WARN_UNREACHABLE_CODE = YES;
				CLANG_WARN__DUPLICATE_METHOD_MATCH = YES;
				"CODE_SIGN_IDENTITY[sdk=iphoneos*]" = "iPhone Developer";
				COPY_PHASE_STRIP = NO;
				DEBUG_INFORMATION_FORMAT = "dwarf-with-dsym";
				ENABLE_STRICT_OBJC_MSGSEND = YES;
				GCC_C_LANGUAGE_STANDARD = gnu99;
				GCC_DYNAMIC_NO_PIC = NO;
				GCC_NO_COMMON_BLOCKS = YES;
				GCC_OPTIMIZATION_LEVEL = 0;
				GCC_PREPROCESSOR_DEFINITIONS = (
					"DEBUG=1",
					"$(inherited)",
				);
				GCC_SYMBOLS_PRIVATE_EXTERN = NO;
				GCC_WARN_64_TO_32_BIT_CONVERSION = YES;
				GCC_WARN_ABOUT_RETURN_TYPE = YES_ERROR;
				GCC_WARN_UNDECLARED_SELECTOR = YES;
				GCC_WARN_UNINITIALIZED_AUTOS = YES_AGGRESSIVE;
				GCC_WARN_UNUSED_FUNCTION = YES;
				GCC_WARN_UNUSED_VARIABLE = YES;
				IPHONEOS_DEPLOYMENT_TARGET = 8.4;
				MTL_ENABLE_DEBUG_INFO = YES;
				ONLY_ACTIVE_ARCH = YES;
				SDKROOT = iphoneos;
				SWIFT_OPTIMIZATION_LEVEL = "-Onone";
				TARGETED_DEVICE_FAMILY = 2;
			};
			name = Debug;
		};
		0A3B37EE1B4C085E00EE9333 /* Release */ = {
			isa = XCBuildConfiguration;
			buildSettings = {
				ALWAYS_SEARCH_USER_PATHS = NO;
				CLANG_CXX_LANGUAGE_STANDARD = "gnu++0x";
				CLANG_CXX_LIBRARY = "libc++";
				CLANG_ENABLE_MODULES = YES;
				CLANG_ENABLE_OBJC_ARC = YES;
				CLANG_WARN_BOOL_CONVERSION = YES;
				CLANG_WARN_CONSTANT_CONVERSION = YES;
				CLANG_WARN_DIRECT_OBJC_ISA_USAGE = YES_ERROR;
				CLANG_WARN_EMPTY_BODY = YES;
				CLANG_WARN_ENUM_CONVERSION = YES;
				CLANG_WARN_INT_CONVERSION = YES;
				CLANG_WARN_OBJC_ROOT_CLASS = YES_ERROR;
				CLANG_WARN_UNREACHABLE_CODE = YES;
				CLANG_WARN__DUPLICATE_METHOD_MATCH = YES;
				"CODE_SIGN_IDENTITY[sdk=iphoneos*]" = "iPhone Developer";
				COPY_PHASE_STRIP = NO;
				DEBUG_INFORMATION_FORMAT = "dwarf-with-dsym";
				ENABLE_NS_ASSERTIONS = NO;
				ENABLE_STRICT_OBJC_MSGSEND = YES;
				GCC_C_LANGUAGE_STANDARD = gnu99;
				GCC_NO_COMMON_BLOCKS = YES;
				GCC_WARN_64_TO_32_BIT_CONVERSION = YES;
				GCC_WARN_ABOUT_RETURN_TYPE = YES_ERROR;
				GCC_WARN_UNDECLARED_SELECTOR = YES;
				GCC_WARN_UNINITIALIZED_AUTOS = YES_AGGRESSIVE;
				GCC_WARN_UNUSED_FUNCTION = YES;
				GCC_WARN_UNUSED_VARIABLE = YES;
				IPHONEOS_DEPLOYMENT_TARGET = 8.4;
				MTL_ENABLE_DEBUG_INFO = NO;
				SDKROOT = iphoneos;
				TARGETED_DEVICE_FAMILY = 2;
				VALIDATE_PRODUCT = YES;
			};
			name = Release;
		};
		0A3B37F01B4C085E00EE9333 /* Debug */ = {
			isa = XCBuildConfiguration;
			baseConfigurationReference = CB2EC4A71E954F216711966F /* Pods-C#.debug.xcconfig */;
			buildSettings = {
				ASSETCATALOG_COMPILER_APPICON_NAME = AppIcon;
				INFOPLIST_FILE = "C#/Info.plist";
				LD_RUNPATH_SEARCH_PATHS = "$(inherited) @executable_path/Frameworks";
				PRODUCT_NAME = "$(TARGET_NAME)";
			};
			name = Debug;
		};
		0A3B37F11B4C085E00EE9333 /* Release */ = {
			isa = XCBuildConfiguration;
			baseConfigurationReference = 8150DE7ED7306C606D9F0ACC /* Pods-C#.release.xcconfig */;
			buildSettings = {
				ASSETCATALOG_COMPILER_APPICON_NAME = AppIcon;
				INFOPLIST_FILE = "C#/Info.plist";
				LD_RUNPATH_SEARCH_PATHS = "$(inherited) @executable_path/Frameworks";
				PRODUCT_NAME = "$(TARGET_NAME)";
			};
			name = Release;
		};
		0A3B37F31B4C085E00EE9333 /* Debug */ = {
			isa = XCBuildConfiguration;
			buildSettings = {
				BUNDLE_LOADER = "$(TEST_HOST)";
				FRAMEWORK_SEARCH_PATHS = (
					"$(SDKROOT)/Developer/Library/Frameworks",
					"$(inherited)",
				);
				GCC_PREPROCESSOR_DEFINITIONS = (
					"DEBUG=1",
					"$(inherited)",
				);
				INFOPLIST_FILE = "C#Tests/Info.plist";
				LD_RUNPATH_SEARCH_PATHS = "$(inherited) @executable_path/Frameworks @loader_path/Frameworks";
				PRODUCT_NAME = "$(TARGET_NAME)";
				TEST_HOST = "$(BUILT_PRODUCTS_DIR)/C#.app/C#";
			};
			name = Debug;
		};
		0A3B37F41B4C085E00EE9333 /* Release */ = {
			isa = XCBuildConfiguration;
			buildSettings = {
				BUNDLE_LOADER = "$(TEST_HOST)";
				FRAMEWORK_SEARCH_PATHS = (
					"$(SDKROOT)/Developer/Library/Frameworks",
					"$(inherited)",
				);
				INFOPLIST_FILE = "C#Tests/Info.plist";
				LD_RUNPATH_SEARCH_PATHS = "$(inherited) @executable_path/Frameworks @loader_path/Frameworks";
				PRODUCT_NAME = "$(TARGET_NAME)";
				TEST_HOST = "$(BUILT_PRODUCTS_DIR)/C#.app/C#";
			};
			name = Release;
		};
/* End XCBuildConfiguration section */

/* Begin XCConfigurationList section */
		0A3B37C81B4C085E00EE9333 /* Build configuration list for PBXProject "C#" */ = {
			isa = XCConfigurationList;
			buildConfigurations = (
				0A3B37ED1B4C085E00EE9333 /* Debug */,
				0A3B37EE1B4C085E00EE9333 /* Release */,
			);
			defaultConfigurationIsVisible = 0;
			defaultConfigurationName = Release;
		};
		0A3B37EF1B4C085E00EE9333 /* Build configuration list for PBXNativeTarget "C#" */ = {
			isa = XCConfigurationList;
			buildConfigurations = (
				0A3B37F01B4C085E00EE9333 /* Debug */,
				0A3B37F11B4C085E00EE9333 /* Release */,
			);
			defaultConfigurationIsVisible = 0;
			defaultConfigurationName = Release;
		};
		0A3B37F21B4C085E00EE9333 /* Build configuration list for PBXNativeTarget "C#Tests" */ = {
			isa = XCConfigurationList;
			buildConfigurations = (
				0A3B37F31B4C085E00EE9333 /* Debug */,
				0A3B37F41B4C085E00EE9333 /* Release */,
			);
			defaultConfigurationIsVisible = 0;
			defaultConfigurationName = Release;
		};
/* End XCConfigurationList section */

/* Begin XCVersionGroup section */
		0A3B37D41B4C085E00EE9333 /* C_.xcdatamodeld */ = {
			isa = XCVersionGroup;
			children = (
				0A3B37D51B4C085E00EE9333 /* C_.xcdatamodel */,
			);
			currentVersion = 0A3B37D51B4C085E00EE9333 /* C_.xcdatamodel */;
			path = C_.xcdatamodeld;
			sourceTree = "<group>";
			versionGroupType = wrapper.xcdatamodel;
		};
/* End XCVersionGroup section */
	};
	rootObject = 0A3B37C51B4C085E00EE9333 /* Project object */;
}
